
Microsoft Visual Studio Solution File, Format Version 12.00
# Visual Studio Version 16
VisualStudioVersion = 16.0.30611.23
MinimumVisualStudioVersion = 15.0.26124.0
Project("{2150E333-8FDC-42A3-9474-1A3956D46DE8}") = "src", "src", "{5C8116D0-8102-41DF-BDC8-CBB0814FE181}"
	ProjectSection(SolutionItems) = preProject
		src\Directory.Build.props = src\Directory.Build.props
		icon.png = icon.png
	EndProjectSection
EndProject
Project("{2150E333-8FDC-42A3-9474-1A3956D46DE8}") = "test", "test", "{C927BFA6-D159-4BCB-BE7B-E586AE3D0618}"
	ProjectSection(SolutionItems) = preProject
		test\Directory.Build.props = test\Directory.Build.props
	EndProjectSection
EndProject
Project("{2150E333-8FDC-42A3-9474-1A3956D46DE8}") = "build", "build", "{694420E9-0B97-4B58-97AD-4B872C52CBED}"
EndProject
Project("{9A19103F-16F7-4668-BE54-9A1E7A4F7556}") = "Build", "build\Build.csproj", "{07444CF2-3780-46DA-846E-29997DD08601}"
EndProject
Project("{2150E333-8FDC-42A3-9474-1A3956D46DE8}") = "Solution Items", "Solution Items", "{C77C6831-8CB9-4DE6-9EBA-A906C1426CEB}"
	ProjectSection(SolutionItems) = preProject
		.gitattributes = .gitattributes
		.gitignore = .gitignore
		build-local.cmd = build-local.cmd
		build-local.sh = build-local.sh
		build.cmd = build.cmd
		build.sh = build.sh
		LICENSE = LICENSE
		README.md = README.md
	EndProjectSection
EndProject
Project("{9A19103F-16F7-4668-BE54-9A1E7A4F7556}") = "Lib", "src\Lib\Lib.csproj", "{A857EF25-A49A-4BBF-B33B-740366229E19}"
EndProject
Project("{9A19103F-16F7-4668-BE54-9A1E7A4F7556}") = "Lib.Tests", "test\Lib.Tests\Lib.Tests.csproj", "{D69F2A18-8230-4A4B-AB0E-B6A0AD11F5CE}"
EndProject
Global
	GlobalSection(SolutionConfigurationPlatforms) = preSolution
		Debug|Any CPU = Debug|Any CPU
		Debug|x64 = Debug|x64
		Debug|x86 = Debug|x86
		Release|Any CPU = Release|Any CPU
		Release|x64 = Release|x64
		Release|x86 = Release|x86
	EndGlobalSection
	GlobalSection(ProjectConfigurationPlatforms) = postSolution
		{07444CF2-3780-46DA-846E-29997DD08601}.Debug|Any CPU.ActiveCfg = Debug|Any CPU
		{07444CF2-3780-46DA-846E-29997DD08601}.Debug|Any CPU.Build.0 = Debug|Any CPU
		{07444CF2-3780-46DA-846E-29997DD08601}.Debug|x64.ActiveCfg = Debug|Any CPU
		{07444CF2-3780-46DA-846E-29997DD08601}.Debug|x64.Build.0 = Debug|Any CPU
		{07444CF2-3780-46DA-846E-29997DD08601}.Debug|x86.ActiveCfg = Debug|Any CPU
		{07444CF2-3780-46DA-846E-29997DD08601}.Debug|x86.Build.0 = Debug|Any CPU
		{07444CF2-3780-46DA-846E-29997DD08601}.Release|Any CPU.ActiveCfg = Release|Any CPU
		{07444CF2-3780-46DA-846E-29997DD08601}.Release|Any CPU.Build.0 = Release|Any CPU
		{07444CF2-3780-46DA-846E-29997DD08601}.Release|x64.ActiveCfg = Release|Any CPU
		{07444CF2-3780-46DA-846E-29997DD08601}.Release|x64.Build.0 = Release|Any CPU
		{07444CF2-3780-46DA-846E-29997DD08601}.Release|x86.ActiveCfg = Release|Any CPU
		{07444CF2-3780-46DA-846E-29997DD08601}.Release|x86.Build.0 = Release|Any CPU
		{A857EF25-A49A-4BBF-B33B-740366229E19}.Debug|Any CPU.ActiveCfg = Debug|Any CPU
		{A857EF25-A49A-4BBF-B33B-740366229E19}.Debug|Any CPU.Build.0 = Debug|Any CPU
		{A857EF25-A49A-4BBF-B33B-740366229E19}.Debug|x64.ActiveCfg = Debug|Any CPU
		{A857EF25-A49A-4BBF-B33B-740366229E19}.Debug|x64.Build.0 = Debug|Any CPU
		{A857EF25-A49A-4BBF-B33B-740366229E19}.Debug|x86.ActiveCfg = Debug|Any CPU
		{A857EF25-A49A-4BBF-B33B-740366229E19}.Debug|x86.Build.0 = Debug|Any CPU
		{A857EF25-A49A-4BBF-B33B-740366229E19}.Release|Any CPU.ActiveCfg = Release|Any CPU
		{A857EF25-A49A-4BBF-B33B-740366229E19}.Release|Any CPU.Build.0 = Release|Any CPU
		{A857EF25-A49A-4BBF-B33B-740366229E19}.Release|x64.ActiveCfg = Release|Any CPU
		{A857EF25-A49A-4BBF-B33B-740366229E19}.Release|x64.Build.0 = Release|Any CPU
		{A857EF25-A49A-4BBF-B33B-740366229E19}.Release|x86.ActiveCfg = Release|Any CPU
		{A857EF25-A49A-4BBF-B33B-740366229E19}.Release|x86.Build.0 = Release|Any CPU
		{D69F2A18-8230-4A4B-AB0E-B6A0AD11F5CE}.Debug|Any CPU.ActiveCfg = Debug|Any CPU
		{D69F2A18-8230-4A4B-AB0E-B6A0AD11F5CE}.Debug|Any CPU.Build.0 = Debug|Any CPU
		{D69F2A18-8230-4A4B-AB0E-B6A0AD11F5CE}.Debug|x64.ActiveCfg = Debug|Any CPU
		{D69F2A18-8230-4A4B-AB0E-B6A0AD11F5CE}.Debug|x64.Build.0 = Debug|Any CPU
		{D69F2A18-8230-4A4B-AB0E-B6A0AD11F5CE}.Debug|x86.ActiveCfg = Debug|Any CPU
		{D69F2A18-8230-4A4B-AB0E-B6A0AD11F5CE}.Debug|x86.Build.0 = Debug|Any CPU
		{D69F2A18-8230-4A4B-AB0E-B6A0AD11F5CE}.Release|Any CPU.ActiveCfg = Release|Any CPU
		{D69F2A18-8230-4A4B-AB0E-B6A0AD11F5CE}.Release|Any CPU.Build.0 = Release|Any CPU
		{D69F2A18-8230-4A4B-AB0E-B6A0AD11F5CE}.Release|x64.ActiveCfg = Release|Any CPU
		{D69F2A18-8230-4A4B-AB0E-B6A0AD11F5CE}.Release|x64.Build.0 = Release|Any CPU
		{D69F2A18-8230-4A4B-AB0E-B6A0AD11F5CE}.Release|x86.ActiveCfg = Release|Any CPU
		{D69F2A18-8230-4A4B-AB0E-B6A0AD11F5CE}.Release|x86.Build.0 = Release|Any CPU
	EndGlobalSection
	GlobalSection(SolutionProperties) = preSolution
		HideSolutionNode = FALSE
	EndGlobalSection
	GlobalSection(NestedProjects) = preSolution
		{07444CF2-3780-46DA-846E-29997DD08601} = {694420E9-0B97-4B58-97AD-4B872C52CBED}
		{A857EF25-A49A-4BBF-B33B-740366229E19} = {5C8116D0-8102-41DF-BDC8-CBB0814FE181}
		{D69F2A18-8230-4A4B-AB0E-B6A0AD11F5CE} = {C927BFA6-D159-4BCB-BE7B-E586AE3D0618}
	EndGlobalSection
	GlobalSection(ExtensibilityGlobals) = postSolution
		SolutionGuid = {121B5839-F67E-4C73-AD61-13E9D48C16CF}
	EndGlobalSection
EndGlobal
